
Microsoft Visual Studio Solution File, Format Version 12.00
# Visual Studio 15
VisualStudioVersion = 15.0.28307.1022
MinimumVisualStudioVersion = 10.0.40219.1
Project("{8BC9CEB8-8B4A-11D0-8D11-00A0C91BC942}") = "Lab_1", "Lab_1\Labs_SPO.vcxproj", "{08865AD3-F611-47F8-8A61-FA58DF263364}"
EndProject
Project("{8BC9CEB8-8B4A-11D0-8D11-00A0C91BC942}") = "Lab_2", "Lab_2\Lab_2.vcxproj", "{319A93DE-CBA9-42FB-9195-50B3C03D9843}"
EndProject
Project("{8BC9CEB8-8B4A-11D0-8D11-00A0C91BC942}") = "Lab_2_1", "Lab_2_1\Lab_2_1.vcxproj", "{6C38C6A0-D23C-4DB3-9145-CA71412ABB43}"
EndProject
Project("{8BC9CEB8-8B4A-11D0-8D11-00A0C91BC942}") = "Lab_3", "Lab_3\Lab_3.vcxproj", "{AAD8777E-6DAF-41D6-8F7A-0C213011C231}"
EndProject
Project("{8BC9CEB8-8B4A-11D0-8D11-00A0C91BC942}") = "Lab_4", "Lab_4\Lab_4.vcxproj", "{B0668AB6-F280-4DC4-BBB1-67E4018A3E38}"
EndProject
Project("{8BC9CEB8-8B4A-11D0-8D11-00A0C91BC942}") = "Lab_5", "Lab_5\Lab_5.vcxproj", "{C93446EC-6E59-48E2-BAD0-8AD8EE0F396F}"
EndProject
Project("{8BC9CEB8-8B4A-11D0-8D11-00A0C91BC942}") = "Lab_6", "Lab_6\Lab_6.vcxproj", "{0E8A8D73-3E20-47A5-A8F6-5935499EFE98}"
EndProject
Project("{8BC9CEB8-8B4A-11D0-8D11-00A0C91BC942}") = "Lab_7", "Lab_7\Lab_7.vcxproj", "{08178574-1418-4569-8A49-B2B2A3188C09}"
EndProject
Global
	GlobalSection(SolutionConfigurationPlatforms) = preSolution
		Debug|x64 = Debug|x64
		Debug|x86 = Debug|x86
		Release|x64 = Release|x64
		Release|x86 = Release|x86
	EndGlobalSection
	GlobalSection(ProjectConfigurationPlatforms) = postSolution
		{08865AD3-F611-47F8-8A61-FA58DF263364}.Debug|x64.ActiveCfg = Debug|x64
		{08865AD3-F611-47F8-8A61-FA58DF263364}.Debug|x64.Build.0 = Debug|x64
		{08865AD3-F611-47F8-8A61-FA58DF263364}.Debug|x86.ActiveCfg = Debug|Win32
		{08865AD3-F611-47F8-8A61-FA58DF263364}.Debug|x86.Build.0 = Debug|Win32
		{08865AD3-F611-47F8-8A61-FA58DF263364}.Release|x64.ActiveCfg = Release|x64
		{08865AD3-F611-47F8-8A61-FA58DF263364}.Release|x64.Build.0 = Release|x64
		{08865AD3-F611-47F8-8A61-FA58DF263364}.Release|x86.ActiveCfg = Release|Win32
		{08865AD3-F611-47F8-8A61-FA58DF263364}.Release|x86.Build.0 = Release|Win32
		{319A93DE-CBA9-42FB-9195-50B3C03D9843}.Debug|x64.ActiveCfg = Debug|x64
		{319A93DE-CBA9-42FB-9195-50B3C03D9843}.Debug|x64.Build.0 = Debug|x64
		{319A93DE-CBA9-42FB-9195-50B3C03D9843}.Debug|x86.ActiveCfg = Debug|Win32
		{319A93DE-CBA9-42FB-9195-50B3C03D9843}.Debug|x86.Build.0 = Debug|Win32
		{319A93DE-CBA9-42FB-9195-50B3C03D9843}.Release|x64.ActiveCfg = Release|x64
		{319A93DE-CBA9-42FB-9195-50B3C03D9843}.Release|x64.Build.0 = Release|x64
		{319A93DE-CBA9-42FB-9195-50B3C03D9843}.Release|x86.ActiveCfg = Release|Win32
		{319A93DE-CBA9-42FB-9195-50B3C03D9843}.Release|x86.Build.0 = Release|Win32
		{6C38C6A0-D23C-4DB3-9145-CA71412ABB43}.Debug|x64.ActiveCfg = Debug|x64
		{6C38C6A0-D23C-4DB3-9145-CA71412ABB43}.Debug|x64.Build.0 = Debug|x64
		{6C38C6A0-D23C-4DB3-9145-CA71412ABB43}.Debug|x86.ActiveCfg = Debug|Win32
		{6C38C6A0-D23C-4DB3-9145-CA71412ABB43}.Debug|x86.Build.0 = Debug|Win32
		{6C38C6A0-D23C-4DB3-9145-CA71412ABB43}.Release|x64.ActiveCfg = Release|x64
		{6C38C6A0-D23C-4DB3-9145-CA71412ABB43}.Release|x64.Build.0 = Release|x64
		{6C38C6A0-D23C-4DB3-9145-CA71412ABB43}.Release|x86.ActiveCfg = Release|Win32
		{6C38C6A0-D23C-4DB3-9145-CA71412ABB43}.Release|x86.Build.0 = Release|Win32
		{AAD8777E-6DAF-41D6-8F7A-0C213011C231}.Debug|x64.ActiveCfg = Debug|x64
		{AAD8777E-6DAF-41D6-8F7A-0C213011C231}.Debug|x64.Build.0 = Debug|x64
		{AAD8777E-6DAF-41D6-8F7A-0C213011C231}.Debug|x86.ActiveCfg = Debug|Win32
		{AAD8777E-6DAF-41D6-8F7A-0C213011C231}.Debug|x86.Build.0 = Debug|Win32
		{AAD8777E-6DAF-41D6-8F7A-0C213011C231}.Release|x64.ActiveCfg = Release|x64
		{AAD8777E-6DAF-41D6-8F7A-0C213011C231}.Release|x64.Build.0 = Release|x64
		{AAD8777E-6DAF-41D6-8F7A-0C213011C231}.Release|x86.ActiveCfg = Release|Win32
		{AAD8777E-6DAF-41D6-8F7A-0C213011C231}.Release|x86.Build.0 = Release|Win32
		{B0668AB6-F280-4DC4-BBB1-67E4018A3E38}.Debug|x64.ActiveCfg = Debug|x64
		{B0668AB6-F280-4DC4-BBB1-67E4018A3E38}.Debug|x64.Build.0 = Debug|x64
		{B0668AB6-F280-4DC4-BBB1-67E4018A3E38}.Debug|x86.ActiveCfg = Debug|Win32
		{B0668AB6-F280-4DC4-BBB1-67E4018A3E38}.Debug|x86.Build.0 = Debug|Win32
		{B0668AB6-F280-4DC4-BBB1-67E4018A3E38}.Release|x64.ActiveCfg = Release|x64
		{B0668AB6-F280-4DC4-BBB1-67E4018A3E38}.Release|x64.Build.0 = Release|x64
		{B0668AB6-F280-4DC4-BBB1-67E4018A3E38}.Release|x86.ActiveCfg = Release|Win32
		{B0668AB6-F280-4DC4-BBB1-67E4018A3E38}.Release|x86.Build.0 = Release|Win32
		{C93446EC-6E59-48E2-BAD0-8AD8EE0F396F}.Debug|x64.ActiveCfg = Debug|x64
		{C93446EC-6E59-48E2-BAD0-8AD8EE0F396F}.Debug|x64.Build.0 = Debug|x64
		{C93446EC-6E59-48E2-BAD0-8AD8EE0F396F}.Debug|x86.ActiveCfg = Debug|Win32
		{C93446EC-6E59-48E2-BAD0-8AD8EE0F396F}.Debug|x86.Build.0 = Debug|Win32
		{C93446EC-6E59-48E2-BAD0-8AD8EE0F396F}.Release|x64.ActiveCfg = Release|x64
		{C93446EC-6E59-48E2-BAD0-8AD8EE0F396F}.Release|x64.Build.0 = Release|x64
		{C93446EC-6E59-48E2-BAD0-8AD8EE0F396F}.Release|x86.ActiveCfg = Release|Win32
		{C93446EC-6E59-48E2-BAD0-8AD8EE0F396F}.Release|x86.Build.0 = Release|Win32
		{0E8A8D73-3E20-47A5-A8F6-5935499EFE98}.Debug|x64.ActiveCfg = Debug|x64
		{0E8A8D73-3E20-47A5-A8F6-5935499EFE98}.Debug|x64.Build.0 = Debug|x64
		{0E8A8D73-3E20-47A5-A8F6-5935499EFE98}.Debug|x86.ActiveCfg = Debug|Win32
		{0E8A8D73-3E20-47A5-A8F6-5935499EFE98}.Debug|x86.Build.0 = Debug|Win32
		{0E8A8D73-3E20-47A5-A8F6-5935499EFE98}.Release|x64.ActiveCfg = Release|x64
		{0E8A8D73-3E20-47A5-A8F6-5935499EFE98}.Release|x64.Build.0 = Release|x64
		{0E8A8D73-3E20-47A5-A8F6-5935499EFE98}.Release|x86.ActiveCfg = Release|Win32
		{0E8A8D73-3E20-47A5-A8F6-5935499EFE98}.Release|x86.Build.0 = Release|Win32
		{08178574-1418-4569-8A49-B2B2A3188C09}.Debug|x64.ActiveCfg = Debug|x64
		{08178574-1418-4569-8A49-B2B2A3188C09}.Debug|x64.Build.0 = Debug|x64
		{08178574-1418-4569-8A49-B2B2A3188C09}.Debug|x86.ActiveCfg = Debug|Win32
		{08178574-1418-4569-8A49-B2B2A3188C09}.Debug|x86.Build.0 = Debug|Win32
		{08178574-1418-4569-8A49-B2B2A3188C09}.Release|x64.ActiveCfg = Release|x64
		{08178574-1418-4569-8A49-B2B2A3188C09}.Release|x64.Build.0 = Release|x64
		{08178574-1418-4569-8A49-B2B2A3188C09}.Release|x86.ActiveCfg = Release|Win32
		{08178574-1418-4569-8A49-B2B2A3188C09}.Release|x86.Build.0 = Release|Win32
	EndGlobalSection
	GlobalSection(SolutionProperties) = preSolution
		HideSolutionNode = FALSE
	EndGlobalSection
	GlobalSection(ExtensibilityGlobals) = postSolution
		SolutionGuid = {1E18E035-6CE5-4E0B-B938-BA72F6D3283B}
	EndGlobalSection
EndGlobal
